lockfileVersion: '9.0'

settings:
  autoInstallPeers: true
  excludeLinksFromLockfile: false

importers:

  .:
    devDependencies:
      html-minifier-terser:
        specifier: ^7.2.0
        version: 7.2.0
      marked:
        specifier: ^13.0.2
        version: 13.0.2
      marked-smartypants:
        specifier: ^1.1.7
        version: 1.1.7(marked@13.0.2)
      sass-embedded:
        specifier: ^1.77.8
        version: 1.77.8

packages:

  '@bufbuild/protobuf@1.10.0':
    resolution: {integrity: sha512-QDdVFLoN93Zjg36NoQPZfsVH9tZew7wKDKyV5qRdj8ntT4wQCOradQjRaTdwMhWUYsgKsvCINKKm87FdEk96Ag==}

  '@jridgewell/gen-mapping@0.3.5':
    resolution: {integrity: sha512-IzL8ZoEDIBRWEzlCcRhOaCupYyN5gdIK+Q6fbFdPDg6HqX6jpkItn7DFIpW9LQzXG6Df9sA7+OKnq0qlz/GaQg==}
    engines: {node: '>=6.0.0'}

  '@jridgewell/resolve-uri@3.1.2':
    resolution: {integrity: sha512-bRISgCIjP20/tbWSPWMEi54QVPRZExkuD9lJL+UIxUKtwVJA8wW1Trb1jMs1RFXo1CBTNZ/5hpC9QvmKWdopKw==}
    engines: {node: '>=6.0.0'}

  '@jridgewell/set-array@1.2.1':
    resolution: {integrity: sha512-R8gLRTZeyp03ymzP/6Lil/28tGeGEzhx1q2k703KGWRAI1VdvPIXdG70VJc2pAMw3NA6JKL5hhFu1sJX0Mnn/A==}
    engines: {node: '>=6.0.0'}

  '@jridgewell/source-map@0.3.6':
    resolution: {integrity: sha512-1ZJTZebgqllO79ue2bm3rIGud/bOe0pP5BjSRCRxxYkEZS8STV7zN84UBbiYu7jy+eCKSnVIUgoWWE/tt+shMQ==}

  '@jridgewell/sourcemap-codec@1.5.0':
    resolution: {integrity: sha512-gv3ZRaISU3fjPAgNsriBRqGWQL6quFx04YMPW/zD8XMLsU32mhCCbfbO6KZFLjvYpCZ8zyDEgqsgf+PwPaM7GQ==}

  '@jridgewell/trace-mapping@0.3.25':
    resolution: {integrity: sha512-vNk6aEwybGtawWmy/PzwnGDOjCkLWSD2wqvjGGAgOAwCGWySYXfYoxt00IJkTF+8Lb57DwOb3Aa0o9CApepiYQ==}

  acorn@8.12.1:
    resolution: {integrity: sha512-tcpGyI9zbizT9JbV6oYE477V6mTlXvvi0T0G3SNIYE2apm/G5huBa1+K89VGeovbg+jycCrfhl3ADxErOuO6Jg==}
    engines: {node: '>=0.4.0'}
    hasBin: true

  buffer-builder@0.2.0:
    resolution: {integrity: sha512-7VPMEPuYznPSoR21NE1zvd2Xna6c/CloiZCfcMXR1Jny6PjX0N4Nsa38zcBFo/FMK+BlA+FLKbJCQ0i2yxp+Xg==}

  buffer-from@1.1.2:
    resolution: {integrity: sha512-E+XQCRwSbaaiChtv6k6Dwgc+bx+Bs6vuKJHHl5kox/BaKbhiXzqQOwK4cO22yElGp2OCmjwVhT3HmxgyPGnJfQ==}

  camel-case@4.1.2:
    resolution: {integrity: sha512-gxGWBrTT1JuMx6R+o5PTXMmUnhnVzLQ9SNutD4YqKtI6ap897t3tKECYla6gCWEkplXnlNybEkZg9GEGxKFCgw==}

  clean-css@5.3.3:
    resolution: {integrity: sha512-D5J+kHaVb/wKSFcyyV75uCn8fiY4sV38XJoe4CUyGQ+mOU/fMVYUdH1hJC+CJQ5uY3EnW27SbJYS4X8BiLrAFg==}
    engines: {node: '>= 10.0'}

  commander@10.0.1:
    resolution: {integrity: sha512-y4Mg2tXshplEbSGzx7amzPwKKOCGuoSRP/CjEdwwk0FOGlUbq6lKuoyDZTNZkmxHdJtp54hdfY/JUrdL7Xfdug==}
    engines: {node: '>=14'}

  commander@2.20.3:
    resolution: {integrity: sha512-GpVkmM8vF2vQUkj2LvZmD35JxeJOLCwJ9cUkugyk2nuhbv3+mJvpLYYt+0+USMxE+oj+ey/lJEnhZw75x/OMcQ==}

  dot-case@3.0.4:
    resolution: {integrity: sha512-Kv5nKlh6yRrdrGvxeJ2e5y2eRUpkUosIW4A2AS38zwSz27zu7ufDwQPi5Jhs3XAlGNetl3bmnGhQsMtkKJnj3w==}

  entities@4.5.0:
    resolution: {integrity: sha512-V0hjH4dGPh9Ao5p0MoRY6BVqtwCjhz6vI5LT8AJ55H+4g9/4vbHx1I54fS0XuclLhDHArPQCiMjDxjaL8fPxhw==}
    engines: {node: '>=0.12'}

  has-flag@4.0.0:
    resolution: {integrity: sha512-EykJT/Q1KjTWctppgIAgfSO0tKVuZUjhgMr17kqTumMl6Afv3EISleU7qZUzoXDFTAHTDC4NOoG/ZxU3EvlMPQ==}
    engines: {node: '>=8'}

  html-minifier-terser@7.2.0:
    resolution: {integrity: sha512-tXgn3QfqPIpGl9o+K5tpcj3/MN4SfLtsx2GWwBC3SSd0tXQGyF3gsSqad8loJgKZGM3ZxbYDd5yhiBIdWpmvLA==}
    engines: {node: ^14.13.1 || >=16.0.0}
    hasBin: true

  immutable@4.3.6:
    resolution: {integrity: sha512-Ju0+lEMyzMVZarkTn/gqRpdqd5dOPaz1mCZ0SH3JV6iFw81PldE/PEB1hWVEA288HPt4WXW8O7AWxB10M+03QQ==}

  lower-case@2.0.2:
    resolution: {integrity: sha512-7fm3l3NAF9WfN6W3JOmf5drwpVqX78JtoGJ3A6W0a6ZnldM41w2fV5D490psKFTpMds8TJse/eHLFFsNHHjHgg==}

  marked-smartypants@1.1.7:
    resolution: {integrity: sha512-GXtR6UfyZ3NXkmdwUWnM+MFrmxvF1HA2KzTGB+vGoWc7K829CgSs/wlDOz2MK/peujK866X2650HJhrnXQBpiA==}
    peerDependencies:
      marked: '>=4 <14'

  marked@13.0.2:
    resolution: {integrity: sha512-J6CPjP8pS5sgrRqxVRvkCIkZ6MFdRIjDkwUwgJ9nL2fbmM6qGQeB2C16hi8Cc9BOzj6xXzy0jyi0iPIfnMHYzA==}
    engines: {node: '>= 18'}
    hasBin: true

  no-case@3.0.4:
    resolution: {integrity: sha512-fgAN3jGAh+RoxUGZHTSOLJIqUc2wmoBwGR4tbpNAKmmovFoWq0OdRkb0VkldReO2a2iBT/OEulG9XSUc10r3zg==}

  param-case@3.0.4:
    resolution: {integrity: sha512-RXlj7zCYokReqWpOPH9oYivUzLYZ5vAPIfEmCTNViosC78F8F0H9y7T7gG2M39ymgutxF5gcFEsyZQSph9Bp3A==}

  pascal-case@3.1.2:
    resolution: {integrity: sha512-uWlGT3YSnK9x3BQJaOdcZwrnV6hPpd8jFH1/ucpiLRPh/2zCVJKS19E4GvYHvaCcACn3foXZ0cLB9Wrx1KGe5g==}

  relateurl@0.2.7:
    resolution: {integrity: sha512-G08Dxvm4iDN3MLM0EsP62EDV9IuhXPR6blNz6Utcp7zyV3tr4HVNINt6MpaRWbxoOHT3Q7YN2P+jaHX8vUbgog==}
    engines: {node: '>= 0.10'}

  rxjs@7.8.1:
    resolution: {integrity: sha512-AA3TVj+0A2iuIoQkWEK/tqFjBq2j+6PO6Y0zJcvzLAFhEFIO3HL0vls9hWLncZbAAbK0mar7oZ4V079I/qPMxg==}

  sass-embedded-android-arm64@1.77.8:
    resolution: {integrity: sha512-EmWHLbEx0Zo/f/lTFzMeH2Du+/I4RmSRlEnERSUKQWVp3aBSO04QDvdxfFezgQ+2Yt/ub9WMqBpma9P/8MPsLg==}
    engines: {node: '>=14.0.0'}
    cpu: [arm64]
    os: [android]
    hasBin: true

  sass-embedded-android-arm@1.77.8:
    resolution: {integrity: sha512-GpGL7xZ7V1XpFbnflib/NWbM0euRzineK0iwoo31/ntWKAXGj03iHhGzkSiOwWSFcXgsJJi3eRA5BTmBvK5Q+w==}
    engines: {node: '>=14.0.0'}
    cpu: [arm]
    os: [android]
    hasBin: true

  sass-embedded-android-ia32@1.77.8:
    resolution: {integrity: sha512-+GjfJ3lDezPi4dUUyjQBxlNKXNa+XVWsExtGvVNkv1uKyaOxULJhubVo2G6QTJJU0esJdfeXf5Ca5/J0ph7+7w==}
    engines: {node: '>=14.0.0'}
    cpu: [ia32]
    os: [android]
    hasBin: true

  sass-embedded-android-x64@1.77.8:
    resolution: {integrity: sha512-YZbFDzGe5NhaMCygShqkeCWtzjhkWxGVunc7ULR97wmxYPQLPeVyx7XFQZc84Aj0lKAJBJS4qRZeqphMqZEJsQ==}
    engines: {node: '>=14.0.0'}
    cpu: [x64]
    os: [android]
    hasBin: true

  sass-embedded-darwin-arm64@1.77.8:
    resolution: {integrity: sha512-aifgeVRNE+i43toIkDFFJc/aPLMo0PJ5s5hKb52U+oNdiJE36n65n2L8F/8z3zZRvCa6eYtFY2b7f1QXR3B0LA==}
    engines: {node: '>=14.0.0'}
    cpu: [arm64]
    os: [darwin]
    hasBin: true

  sass-embedded-darwin-x64@1.77.8:
    resolution: {integrity: sha512-/VWZQtcWIOek60Zj6Sxk6HebXA1Qyyt3sD8o5qwbTgZnKitB1iEBuNunyGoAgMNeUz2PRd6rVki6hvbas9hQ6w==}
    engines: {node: '>=14.0.0'}
    cpu: [x64]
    os: [darwin]
    hasBin: true

  sass-embedded-linux-arm64@1.77.8:
    resolution: {integrity: sha512-6iIOIZtBFa2YfMsHqOb3qake3C9d/zlKxjooKKnTSo+6g6z+CLTzMXe1bOfayb7yxeenElmFoK1k54kWD/40+g==}
    engines: {node: '>=14.0.0'}
    cpu: [arm64]
    os: [linux]
    hasBin: true

  sass-embedded-linux-arm@1.77.8:
    resolution: {integrity: sha512-2edZMB6jf0whx3T0zlgH+p131kOEmWp+I4wnKj7ZMUeokiY4Up05d10hSvb0Q63lOrSjFAWu6P5/pcYUUx8arQ==}
    engines: {node: '>=14.0.0'}
    cpu: [arm]
    os: [linux]
    hasBin: true

  sass-embedded-linux-ia32@1.77.8:
    resolution: {integrity: sha512-63GsFFHWN5yRLTWiSef32TM/XmjhCBx1DFhoqxmj+Yc6L9Z1h0lDHjjwdG6Sp5XTz5EmsaFKjpDgnQTP9hJX3Q==}
    engines: {node: '>=14.0.0'}
    cpu: [ia32]
    os: [linux]
    hasBin: true

  sass-embedded-linux-musl-arm64@1.77.8:
    resolution: {integrity: sha512-j8cgQxNWecYK+aH8ESFsyam/Q6G+9gg8eJegiRVpA9x8yk3ykfHC7UdQWwUcF22ZcuY4zegrjJx8k+thsgsOVA==}
    engines: {node: '>=14.0.0'}
    cpu: [arm64]
    os: [linux]

  sass-embedded-linux-musl-arm@1.77.8:
    resolution: {integrity: sha512-nFkhSl3uu9btubm+JBW7uRglNVJ8W8dGfzVqh3fyQJKS1oyBC3vT3VOtfbT9YivXk28wXscSHpqXZwY7bUuopA==}
    engines: {node: '>=14.0.0'}
    cpu: [arm]
    os: [linux]

  sass-embedded-linux-musl-ia32@1.77.8:
    resolution: {integrity: sha512-oWveMe+8TFlP8WBWPna/+Ec5TV0CE+PxEutyi0ltSruBds2zxRq9dPVOqrpPcDN9QUx50vNZC0Afgch0aQEd0g==}
    engines: {node: '>=14.0.0'}
    cpu: [ia32]
    os: [linux]

  sass-embedded-linux-musl-x64@1.77.8:
    resolution: {integrity: sha512-2NtRpMXHeFo9kaYxuZ+Ewwo39CE7BTS2JDfXkTjZTZqd8H+8KC53eBh516YQnn2oiqxSiKxm7a6pxbxGZGwXOQ==}
    engines: {node: '>=14.0.0'}
    cpu: [x64]
    os: [linux]

  sass-embedded-linux-x64@1.77.8:
    resolution: {integrity: sha512-ND5qZLWUCpOn7LJfOf0gLSZUWhNIysY+7NZK1Ctq+pM6tpJky3JM5I1jSMplNxv5H3o8p80n0gSm+fcjsEFfjQ==}
    engines: {node: '>=14.0.0'}
    cpu: [x64]
    os: [linux]
    hasBin: true

  sass-embedded-win32-arm64@1.77.8:
    resolution: {integrity: sha512-7L8zT6xzEvTYj86MvUWnbkWYCNQP+74HvruLILmiPPE+TCgOjgdi750709BtppVJGGZSs40ZuN6mi/YQyGtwXg==}
    engines: {node: '>=14.0.0'}
    cpu: [arm64]
    os: [win32]
    hasBin: true

  sass-embedded-win32-ia32@1.77.8:
    resolution: {integrity: sha512-7Buh+4bP0WyYn6XPbthkIa3M2vtcR8QIsFVg3JElVlr+8Ng19jqe0t0SwggDgbMX6AdQZC+Wj4F1BprZSok42A==}
    engines: {node: '>=14.0.0'}
    cpu: [ia32]
    os: [win32]
    hasBin: true

  sass-embedded-win32-x64@1.77.8:
    resolution: {integrity: sha512-rZmLIx4/LLQm+4GW39sRJW0MIlDqmyV0fkRzTmhFP5i/wVC7cuj8TUubPHw18rv2rkHFfBZKZJTCkPjCS5Z+SA==}
    engines: {node: '>=14.0.0'}
    cpu: [x64]
    os: [win32]
    hasBin: true

  sass-embedded@1.77.8:
    resolution: {integrity: sha512-WGXA6jcaoBo5Uhw0HX/s6z/sl3zyYQ7ZOnLOJzqwpctFcFmU4L07zn51e2VSkXXFpQZFAdMZNqOGz/7h/fvcRA==}
    engines: {node: '>=16.0.0'}

  smartypants@0.2.2:
    resolution: {integrity: sha512-TzobUYoEft/xBtb2voRPryAUIvYguG0V7Tt3de79I1WfXgCwelqVsGuZSnu3GFGRZhXR90AeEYIM+icuB/S06Q==}
    hasBin: true

  source-map-support@0.5.21:
    resolution: {integrity: sha512-uBHU3L3czsIyYXKX88fdrGovxdSCoTGDRZ6SYXtSRxLZUzHg5P/66Ht6uoUlHu9EZod+inXhKo3qQgwXUT/y1w==}

  source-map@0.6.1:
    resolution: {integrity: sha512-UjgapumWlbMhkBgzT7Ykc5YXUT46F0iKu8SGXq0bcwP5dz/h0Plj6enJqjz1Zbq2l5WaqYnrVbwWOWMyF3F47g==}
    engines: {node: '>=0.10.0'}

  supports-color@8.1.1:
    resolution: {integrity: sha512-MpUEN2OodtUzxvKQl72cUF7RQ5EiHsGvSsVG0ia9c5RbWGL2CI4C7EpPS8UTBIplnlzZiNuV56w+FuNxy3ty2Q==}
    engines: {node: '>=10'}

  terser@5.31.3:
    resolution: {integrity: sha512-pAfYn3NIZLyZpa83ZKigvj6Rn9c/vd5KfYGX7cN1mnzqgDcxWvrU5ZtAfIKhEXz9nRecw4z3LXkjaq96/qZqAA==}
    engines: {node: '>=10'}
    hasBin: true

  tslib@2.6.3:
    resolution: {integrity: sha512-xNvxJEOUiWPGhUuUdQgAJPKOOJfGnIyKySOc09XkKsgdUV/3E2zvwZYdejjmRgPCgcym1juLH3226yA7sEFJKQ==}

  varint@6.0.0:
    resolution: {integrity: sha512-cXEIW6cfr15lFv563k4GuVuW/fiwjknytD37jIOLSdSWuOI6WnO/oKwmP2FQTU2l01LP8/M5TSAJpzUaGe3uWg==}

snapshots:

  '@bufbuild/protobuf@1.10.0': {}

  '@jridgewell/gen-mapping@0.3.5':
    dependencies:
      '@jridgewell/set-array': 1.2.1
      '@jridgewell/sourcemap-codec': 1.5.0
      '@jridgewell/trace-mapping': 0.3.25

  '@jridgewell/resolve-uri@3.1.2': {}

  '@jridgewell/set-array@1.2.1': {}

  '@jridgewell/source-map@0.3.6':
    dependencies:
      '@jridgewell/gen-mapping': 0.3.5
      '@jridgewell/trace-mapping': 0.3.25

  '@jridgewell/sourcemap-codec@1.5.0': {}

  '@jridgewell/trace-mapping@0.3.25':
    dependencies:
      '@jridgewell/resolve-uri': 3.1.2
      '@jridgewell/sourcemap-codec': 1.5.0

  acorn@8.12.1: {}

  buffer-builder@0.2.0: {}

  buffer-from@1.1.2: {}

  camel-case@4.1.2:
    dependencies:
      pascal-case: 3.1.2
      tslib: 2.6.3

  clean-css@5.3.3:
    dependencies:
      source-map: 0.6.1

  commander@10.0.1: {}

  commander@2.20.3: {}

  dot-case@3.0.4:
    dependencies:
      no-case: 3.0.4
      tslib: 2.6.3

  entities@4.5.0: {}

  has-flag@4.0.0: {}

  html-minifier-terser@7.2.0:
    dependencies:
      camel-case: 4.1.2
      clean-css: 5.3.3
      commander: 10.0.1
      entities: 4.5.0
      param-case: 3.0.4
      relateurl: 0.2.7
      terser: 5.31.3

  immutable@4.3.6: {}

  lower-case@2.0.2:
    dependencies:
      tslib: 2.6.3

  marked-smartypants@1.1.7(marked@13.0.2):
    dependencies:
      marked: 13.0.2
      smartypants: 0.2.2

  marked@13.0.2: {}

  no-case@3.0.4:
    dependencies:
      lower-case: 2.0.2
      tslib: 2.6.3

  param-case@3.0.4:
    dependencies:
      dot-case: 3.0.4
      tslib: 2.6.3

  pascal-case@3.1.2:
    dependencies:
      no-case: 3.0.4
      tslib: 2.6.3

  relateurl@0.2.7: {}

  rxjs@7.8.1:
    dependencies:
      tslib: 2.6.3

  sass-embedded-android-arm64@1.77.8:
    optional: true

  sass-embedded-android-arm@1.77.8:
    optional: true

  sass-embedded-android-ia32@1.77.8:
    optional: true

  sass-embedded-android-x64@1.77.8:
    optional: true

  sass-embedded-darwin-arm64@1.77.8:
    optional: true

  sass-embedded-darwin-x64@1.77.8:
    optional: true

  sass-embedded-linux-arm64@1.77.8:
    optional: true

  sass-embedded-linux-arm@1.77.8:
    optional: true

  sass-embedded-linux-ia32@1.77.8:
    optional: true

  sass-embedded-linux-musl-arm64@1.77.8:
    optional: true

  sass-embedded-linux-musl-arm@1.77.8:
    optional: true

  sass-embedded-linux-musl-ia32@1.77.8:
    optional: true

  sass-embedded-linux-musl-x64@1.77.8:
    optional: true

  sass-embedded-linux-x64@1.77.8:
    optional: true

  sass-embedded-win32-arm64@1.77.8:
    optional: true

  sass-embedded-win32-ia32@1.77.8:
    optional: true

  sass-embedded-win32-x64@1.77.8:
    optional: true

  sass-embedded@1.77.8:
    dependencies:
      '@bufbuild/protobuf': 1.10.0
      buffer-builder: 0.2.0
      immutable: 4.3.6
      rxjs: 7.8.1
      supports-color: 8.1.1
      varint: 6.0.0
    optionalDependencies:
      sass-embedded-android-arm: 1.77.8
      sass-embedded-android-arm64: 1.77.8
      sass-embedded-android-ia32: 1.77.8
      sass-embedded-android-x64: 1.77.8
      sass-embedded-darwin-arm64: 1.77.8
      sass-embedded-darwin-x64: 1.77.8
      sass-embedded-linux-arm: 1.77.8
      sass-embedded-linux-arm64: 1.77.8
      sass-embedded-linux-ia32: 1.77.8
      sass-embedded-linux-musl-arm: 1.77.8
      sass-embedded-linux-musl-arm64: 1.77.8
      sass-embedded-linux-musl-ia32: 1.77.8
      sass-embedded-linux-musl-x64: 1.77.8
      sass-embedded-linux-x64: 1.77.8
      sass-embedded-win32-arm64: 1.77.8
      sass-embedded-win32-ia32: 1.77.8
      sass-embedded-win32-x64: 1.77.8

  smartypants@0.2.2: {}

  source-map-support@0.5.21:
    dependencies:
      buffer-from: 1.1.2
      source-map: 0.6.1

  source-map@0.6.1: {}

  supports-color@8.1.1:
    dependencies:
      has-flag: 4.0.0

  terser@5.31.3:
    dependencies:
      '@jridgewell/source-map': 0.3.6
      acorn: 8.12.1
      commander: 2.20.3
      source-map-support: 0.5.21

  tslib@2.6.3: {}

  varint@6.0.0: {}
